
Microsoft Visual Studio Solution File, Format Version 12.00
# Visual Studio Version 17
VisualStudioVersion = 17.13.35913.81 d17.13
MinimumVisualStudioVersion = 10.0.40219.1
Project("{FAE04EC0-301F-11D3-BF4B-00C04F79EFBC}") = "try_jsonplaceholder_API", "try_jsonplaceholder_API.csproj", "{7161B9A7-F9F0-49F2-876A-5D743A1B159A}"
EndProject
Global
	GlobalSection(SolutionConfigurationPlatforms) = preSolution
		Debug|Any CPU = Debug|Any CPU
		Release|Any CPU = Release|Any CPU
	EndGlobalSection
	GlobalSection(ProjectConfigurationPlatforms) = postSolution
		{7161B9A7-F9F0-49F2-876A-5D743A1B159A}.Debug|Any CPU.ActiveCfg = Debug|Any CPU
		{7161B9A7-F9F0-49F2-876A-5D743A1B159A}.Debug|Any CPU.Build.0 = Debug|Any CPU
		{7161B9A7-F9F0-49F2-876A-5D743A1B159A}.Release|Any CPU.ActiveCfg = Release|Any CPU
		{7161B9A7-F9F0-49F2-876A-5D743A1B159A}.Release|Any CPU.Build.0 = Release|Any CPU
	EndGlobalSection
	GlobalSection(SolutionProperties) = preSolution
		HideSolutionNode = FALSE
	EndGlobalSection
	GlobalSection(ExtensibilityGlobals) = postSolution
		SolutionGuid = {236A68FC-0AD7-4711-A4CE-BA3788EA26B2}
	EndGlobalSection
EndGlobal
